
Microsoft Visual Studio Solution File, Format Version 12.00
# Visual Studio Version 17
VisualStudioVersion = 17.5.002.0
MinimumVisualStudioVersion = 10.0.40219.1
Project("{9A19103F-16F7-4668-BE54-9A1E7A4F7556}") = "Rmauro.Servers.Memcached", "Rmauro.Servers.Memcached.csproj", "{39C35357-8AF5-4992-B4C7-F7DEC5299414}"
EndProject
Global
	GlobalSection(SolutionConfigurationPlatforms) = preSolution
		Debug|Any CPU = Debug|Any CPU
		Release|Any CPU = Release|Any CPU
	EndGlobalSection
	GlobalSection(ProjectConfigurationPlatforms) = postSolution
		{39C35357-8AF5-4992-B4C7-F7DEC5299414}.Debug|Any CPU.ActiveCfg = Debug|Any CPU
		{39C35357-8AF5-4992-B4C7-F7DEC5299414}.Debug|Any CPU.Build.0 = Debug|Any CPU
		{39C35357-8AF5-4992-B4C7-F7DEC5299414}.Release|Any CPU.ActiveCfg = Release|Any CPU
		{39C35357-8AF5-4992-B4C7-F7DEC5299414}.Release|Any CPU.Build.0 = Release|Any CPU
	EndGlobalSection
	GlobalSection(SolutionProperties) = preSolution
		HideSolutionNode = FALSE
	EndGlobalSection
	GlobalSection(ExtensibilityGlobals) = postSolution
		SolutionGuid = {C669D8CD-6320-4FDA-8CDB-D6F43CCDA169}
	EndGlobalSection
EndGlobal
